
Microsoft Visual Studio Solution File, Format Version 12.00
# Visual Studio 15
VisualStudioVersion = 15.0.26124.0
MinimumVisualStudioVersion = 15.0.26124.0
Project("{FAE04EC0-301F-11D3-BF4B-00C04F79EFBC}") = "API", "API\API.csproj", "{F51C1410-FC84-4673-884E-2CD02D0A3B72}"
EndProject
Project("{FAE04EC0-301F-11D3-BF4B-00C04F79EFBC}") = "Application", "Application\Application.csproj", "{3CD40923-9F06-4409-A249-AECBD8FB452C}"
EndProject
Project("{FAE04EC0-301F-11D3-BF4B-00C04F79EFBC}") = "Persistence", "Persistence\Persistence.csproj", "{FBFAF67A-6D0F-43B4-9D54-A517422FC9D7}"
EndProject
Project("{FAE04EC0-301F-11D3-BF4B-00C04F79EFBC}") = "Domain", "Domain\Domain.csproj", "{B9B68103-50B1-49CA-87AE-D50EB1178F02}"
EndProject
Global
	GlobalSection(SolutionConfigurationPlatforms) = preSolution
		Debug|Any CPU = Debug|Any CPU
		Debug|x64 = Debug|x64
		Debug|x86 = Debug|x86
		Release|Any CPU = Release|Any CPU
		Release|x64 = Release|x64
		Release|x86 = Release|x86
	EndGlobalSection
	GlobalSection(SolutionProperties) = preSolution
		HideSolutionNode = FALSE
	EndGlobalSection
	GlobalSection(ProjectConfigurationPlatforms) = postSolution
		{F51C1410-FC84-4673-884E-2CD02D0A3B72}.Debug|Any CPU.ActiveCfg = Debug|Any CPU
		{F51C1410-FC84-4673-884E-2CD02D0A3B72}.Debug|Any CPU.Build.0 = Debug|Any CPU
		{F51C1410-FC84-4673-884E-2CD02D0A3B72}.Debug|x64.ActiveCfg = Debug|Any CPU
		{F51C1410-FC84-4673-884E-2CD02D0A3B72}.Debug|x64.Build.0 = Debug|Any CPU
		{F51C1410-FC84-4673-884E-2CD02D0A3B72}.Debug|x86.ActiveCfg = Debug|Any CPU
		{F51C1410-FC84-4673-884E-2CD02D0A3B72}.Debug|x86.Build.0 = Debug|Any CPU
		{F51C1410-FC84-4673-884E-2CD02D0A3B72}.Release|Any CPU.ActiveCfg = Release|Any CPU
		{F51C1410-FC84-4673-884E-2CD02D0A3B72}.Release|Any CPU.Build.0 = Release|Any CPU
		{F51C1410-FC84-4673-884E-2CD02D0A3B72}.Release|x64.ActiveCfg = Release|Any CPU
		{F51C1410-FC84-4673-884E-2CD02D0A3B72}.Release|x64.Build.0 = Release|Any CPU
		{F51C1410-FC84-4673-884E-2CD02D0A3B72}.Release|x86.ActiveCfg = Release|Any CPU
		{F51C1410-FC84-4673-884E-2CD02D0A3B72}.Release|x86.Build.0 = Release|Any CPU
		{3CD40923-9F06-4409-A249-AECBD8FB452C}.Debug|Any CPU.ActiveCfg = Debug|Any CPU
		{3CD40923-9F06-4409-A249-AECBD8FB452C}.Debug|Any CPU.Build.0 = Debug|Any CPU
		{3CD40923-9F06-4409-A249-AECBD8FB452C}.Debug|x64.ActiveCfg = Debug|Any CPU
		{3CD40923-9F06-4409-A249-AECBD8FB452C}.Debug|x64.Build.0 = Debug|Any CPU
		{3CD40923-9F06-4409-A249-AECBD8FB452C}.Debug|x86.ActiveCfg = Debug|Any CPU
		{3CD40923-9F06-4409-A249-AECBD8FB452C}.Debug|x86.Build.0 = Debug|Any CPU
		{3CD40923-9F06-4409-A249-AECBD8FB452C}.Release|Any CPU.ActiveCfg = Release|Any CPU
		{3CD40923-9F06-4409-A249-AECBD8FB452C}.Release|Any CPU.Build.0 = Release|Any CPU
		{3CD40923-9F06-4409-A249-AECBD8FB452C}.Release|x64.ActiveCfg = Release|Any CPU
		{3CD40923-9F06-4409-A249-AECBD8FB452C}.Release|x64.Build.0 = Release|Any CPU
		{3CD40923-9F06-4409-A249-AECBD8FB452C}.Release|x86.ActiveCfg = Release|Any CPU
		{3CD40923-9F06-4409-A249-AECBD8FB452C}.Release|x86.Build.0 = Release|Any CPU
		{FBFAF67A-6D0F-43B4-9D54-A517422FC9D7}.Debug|Any CPU.ActiveCfg = Debug|Any CPU
		{FBFAF67A-6D0F-43B4-9D54-A517422FC9D7}.Debug|Any CPU.Build.0 = Debug|Any CPU
		{FBFAF67A-6D0F-43B4-9D54-A517422FC9D7}.Debug|x64.ActiveCfg = Debug|Any CPU
		{FBFAF67A-6D0F-43B4-9D54-A517422FC9D7}.Debug|x64.Build.0 = Debug|Any CPU
		{FBFAF67A-6D0F-43B4-9D54-A517422FC9D7}.Debug|x86.ActiveCfg = Debug|Any CPU
		{FBFAF67A-6D0F-43B4-9D54-A517422FC9D7}.Debug|x86.Build.0 = Debug|Any CPU
		{FBFAF67A-6D0F-43B4-9D54-A517422FC9D7}.Release|Any CPU.ActiveCfg = Release|Any CPU
		{FBFAF67A-6D0F-43B4-9D54-A517422FC9D7}.Release|Any CPU.Build.0 = Release|Any CPU
		{FBFAF67A-6D0F-43B4-9D54-A517422FC9D7}.Release|x64.ActiveCfg = Release|Any CPU
		{FBFAF67A-6D0F-43B4-9D54-A517422FC9D7}.Release|x64.Build.0 = Release|Any CPU
		{FBFAF67A-6D0F-43B4-9D54-A517422FC9D7}.Release|x86.ActiveCfg = Release|Any CPU
		{FBFAF67A-6D0F-43B4-9D54-A517422FC9D7}.Release|x86.Build.0 = Release|Any CPU
		{B9B68103-50B1-49CA-87AE-D50EB1178F02}.Debug|Any CPU.ActiveCfg = Debug|Any CPU
		{B9B68103-50B1-49CA-87AE-D50EB1178F02}.Debug|Any CPU.Build.0 = Debug|Any CPU
		{B9B68103-50B1-49CA-87AE-D50EB1178F02}.Debug|x64.ActiveCfg = Debug|Any CPU
		{B9B68103-50B1-49CA-87AE-D50EB1178F02}.Debug|x64.Build.0 = Debug|Any CPU
		{B9B68103-50B1-49CA-87AE-D50EB1178F02}.Debug|x86.ActiveCfg = Debug|Any CPU
		{B9B68103-50B1-49CA-87AE-D50EB1178F02}.Debug|x86.Build.0 = Debug|Any CPU
		{B9B68103-50B1-49CA-87AE-D50EB1178F02}.Release|Any CPU.ActiveCfg = Release|Any CPU
		{B9B68103-50B1-49CA-87AE-D50EB1178F02}.Release|Any CPU.Build.0 = Release|Any CPU
		{B9B68103-50B1-49CA-87AE-D50EB1178F02}.Release|x64.ActiveCfg = Release|Any CPU
		{B9B68103-50B1-49CA-87AE-D50EB1178F02}.Release|x64.Build.0 = Release|Any CPU
		{B9B68103-50B1-49CA-87AE-D50EB1178F02}.Release|x86.ActiveCfg = Release|Any CPU
		{B9B68103-50B1-49CA-87AE-D50EB1178F02}.Release|x86.Build.0 = Release|Any CPU
	EndGlobalSection
EndGlobal
